// !$*UTF8*$!
{
	archiveVersion = 1;
	classes = {
	};
	objectVersion = 50;
	objects = {

/* Begin PBXBuildFile section */
		165981C4253B8ECE00D22029 /* AppDelegate.swift in Sources */ = {isa = PBXBuildFile; fileRef = 165981C3253B8ECE00D22029 /* AppDelegate.swift */; };
		165981C6253B8ECE00D22029 /* SceneDelegate.swift in Sources */ = {isa = PBXBuildFile; fileRef = 165981C5253B8ECE00D22029 /* SceneDelegate.swift */; };
		165981C8253B8ECE00D22029 /* ViewController.swift in Sources */ = {isa = PBXBuildFile; fileRef = 165981C7253B8ECE00D22029 /* ViewController.swift */; };
		165981CB253B8ECE00D22029 /* Main.storyboard in Resources */ = {isa = PBXBuildFile; fileRef = 165981C9253B8ECE00D22029 /* Main.storyboard */; };
		165981CD253B8ECF00D22029 /* Assets.xcassets in Resources */ = {isa = PBXBuildFile; fileRef = 165981CC253B8ECF00D22029 /* Assets.xcassets */; };
		165981D0253B8ECF00D22029 /* LaunchScreen.storyboard in Resources */ = {isa = PBXBuildFile; fileRef = 165981CE253B8ECF00D22029 /* LaunchScreen.storyboard */; };
		165981DF253B93F300D22029 /* Question.swift in Sources */ = {isa = PBXBuildFile; fileRef = 165981DE253B93F300D22029 /* Question.swift */; };
		165981E7253B99BE00D22029 /* QuizBrain.swift in Sources */ = {isa = PBXBuildFile; fileRef = 165981E6253B99BE00D22029 /* QuizBrain.swift */; };
/* End PBXBuildFile section */

/* Begin PBXFileReference section */
		165981C0253B8ECE00D22029 /* QuizBrainIOS.app */ = {isa = PBXFileReference; explicitFileType = wrapper.application; includeInIndex = 0; path = QuizBrainIOS.app; sourceTree = BUILT_PRODUCTS_DIR; };
		165981C3253B8ECE00D22029 /* AppDelegate.swift */ = {isa = PBXFileReference; lastKnownFileType = sourcecode.swift; path = AppDelegate.swift; sourceTree = "<group>"; };
		165981C5253B8ECE00D22029 /* SceneDelegate.swift */ = {isa = PBXFileReference; lastKnownFileType = sourcecode.swift; path = SceneDelegate.swift; sourceTree = "<group>"; };
		165981C7253B8ECE00D22029 /* ViewController.swift */ = {isa = PBXFileReference; lastKnownFileType = sourcecode.swift; path = ViewController.swift; sourceTree = "<group>"; };
		165981CA253B8ECE00D22029 /* Base */ = {isa = PBXFileReference; lastKnownFileType = file.storyboard; name = Base; path = Base.lproj/Main.storyboard; sourceTree = "<group>"; };
		165981CC253B8ECF00D22029 /* Assets.xcassets */ = {isa = PBXFileReference; lastKnownFileType = folder.assetcatalog; path = Assets.xcassets; sourceTree = "<group>"; };
		165981CF253B8ECF00D22029 /* Base */ = {isa = PBXFileReference; lastKnownFileType = file.storyboard; name = Base; path = Base.lproj/LaunchScreen.storyboard; sourceTree = "<group>"; };
		165981D1253B8ECF00D22029 /* Info.plist */ = {isa = PBXFileReference; lastKnownFileType = text.plist.xml; path = Info.plist; sourceTree = "<group>"; };
		165981DE253B93F300D22029 /* Question.swift */ = {isa = PBXFileReference; lastKnownFileType = sourcecode.swift; path = Question.swift; sourceTree = "<group>"; };
		165981E6253B99BE00D22029 /* QuizBrain.swift */ = {isa = PBXFileReference; lastKnownFileType = sourcecode.swift; path = QuizBrain.swift; sourceTree = "<group>"; };
/* End PBXFileReference section */

/* Begin PBXFrameworksBuildPhase section */
		165981BD253B8ECE00D22029 /* Frameworks */ = {
			isa = PBXFrameworksBuildPhase;
			buildActionMask = 2147483647;
			files = (
			);
			runOnlyForDeploymentPostprocessing = 0;
		};
/* End PBXFrameworksBuildPhase section */

/* Begin PBXGroup section */
		165981B7253B8ECE00D22029 = {
			isa = PBXGroup;
			children = (
				165981C2253B8ECE00D22029 /* QuizBrainIOS */,
				165981C1253B8ECE00D22029 /* Products */,
			);
			sourceTree = "<group>";
		};
		165981C1253B8ECE00D22029 /* Products */ = {
			isa = PBXGroup;
			children = (
				165981C0253B8ECE00D22029 /* QuizBrainIOS.app */,
			);
			name = Products;
			sourceTree = "<group>";
		};
		165981C2253B8ECE00D22029 /* QuizBrainIOS */ = {
			isa = PBXGroup;
			children = (
				165981DA253B8F3F00D22029 /* Controller */,
				165981D9253B8F3A00D22029 /* View */,
				165981D8253B8F3100D22029 /* Model */,
				165981C3253B8ECE00D22029 /* AppDelegate.swift */,
				165981C5253B8ECE00D22029 /* SceneDelegate.swift */,
				165981CC253B8ECF00D22029 /* Assets.xcassets */,
				165981CE253B8ECF00D22029 /* LaunchScreen.storyboard */,
				165981D1253B8ECF00D22029 /* Info.plist */,
			);
			path = QuizBrainIOS;
			sourceTree = "<group>";
		};
		165981D8253B8F3100D22029 /* Model */ = {
			isa = PBXGroup;
			children = (
				165981DE253B93F300D22029 /* Question.swift */,
				165981E6253B99BE00D22029 /* QuizBrain.swift */,
			);
			path = Model;
			sourceTree = "<group>";
		};
		165981D9253B8F3A00D22029 /* View */ = {
			isa = PBXGroup;
			children = (
				165981C9253B8ECE00D22029 /* Main.storyboard */,
			);
			path = View;
			sourceTree = "<group>";
		};
		165981DA253B8F3F00D22029 /* Controller */ = {
			isa = PBXGroup;
			children = (
				165981C7253B8ECE00D22029 /* ViewController.swift */,
			);
			path = Controller;
			sourceTree = "<group>";
		};
/* End PBXGroup section */

/* Begin PBXNativeTarget section */
		165981BF253B8ECE00D22029 /* QuizBrainIOS */ = {
			isa = PBXNativeTarget;
			buildConfigurationList = 165981D4253B8ECF00D22029 /* Build configuration list for PBXNativeTarget "QuizBrainIOS" */;
			buildPhases = (
				165981BC253B8ECE00D22029 /* Sources */,
				165981BD253B8ECE00D22029 /* Frameworks */,
				165981BE253B8ECE00D22029 /* Resources */,
			);
			buildRules = (
			);
			dependencies = (
			);
			name = QuizBrainIOS;
			productName = QuizBrainIOS;
			productReference = 165981C0253B8ECE00D22029 /* QuizBrainIOS.app */;
			productType = "com.apple.product-type.application";
		};
/* End PBXNativeTarget section */

/* Begin PBXProject section */
		165981B8253B8ECE00D22029 /* Project object */ = {
			isa = PBXProject;
			attributes = {
				LastSwiftUpdateCheck = 1200;
				LastUpgradeCheck = 1200;
				TargetAttributes = {
					165981BF253B8ECE00D22029 = {
						CreatedOnToolsVersion = 12.0.1;
					};
				};
			};
			buildConfigurationList = 165981BB253B8ECE00D22029 /* Build configuration list for PBXProject "QuizBrainIOS" */;
			compatibilityVersion = "Xcode 9.3";
			developmentRegion = en;
			hasScannedForEncodings = 0;
			knownRegions = (
				en,
				Base,
			);
			mainGroup = 165981B7253B8ECE00D22029;
			productRefGroup = 165981C1253B8ECE00D22029 /* Products */;
			projectDirPath = "";
			projectRoot = "";
			targets = (
				165981BF253B8ECE00D22029 /* QuizBrainIOS */,
			);
		};
/* End PBXProject section */

/* Begin PBXResourcesBuildPhase section */
		165981BE253B8ECE00D22029 /* Resources */ = {
			isa = PBXResourcesBuildPhase;
			buildActionMask = 2147483647;
			files = (
				165981D0253B8ECF00D22029 /* LaunchScreen.storyboard in Resources */,
				165981CD253B8ECF00D22029 /* Assets.xcassets in Resources */,
				165981CB253B8ECE00D22029 /* Main.storyboard in Resources */,
			);
			runOnlyForDeploymentPostprocessing = 0;
		};
/* End PBXResourcesBuildPhase section */

/* Begin PBXSourcesBuildPhase section */
		165981BC253B8ECE00D22029 /* Sources */ = {
			isa = PBXSourcesBuildPhase;
			buildActionMask = 2147483647;
			files = (
				165981E7253B99BE00D22029 /* QuizBrain.swift in Sources */,
				165981C8253B8ECE00D22029 /* ViewController.swift in Sources */,
				165981DF253B93F300D22029 /* Question.swift in Sources */,
				165981C4253B8ECE00D22029 /* AppDelegate.swift in Sources */,
				165981C6253B8ECE00D22029 /* SceneDelegate.swift in Sources */,
			);
			runOnlyForDeploymentPostprocessing = 0;
		};
/* End PBXSourcesBuildPhase section */

/* Begin PBXVariantGroup section */
		165981C9253B8ECE00D22029 /* Main.storyboard */ = {
			isa = PBXVariantGroup;
			children = (
				165981CA253B8ECE00D22029 /* Base */,
			);
			name = Main.storyboard;
			sourceTree = "<group>";
		};
		165981CE253B8ECF00D22029 /* LaunchScreen.storyboard */ = {
			isa = PBXVariantGroup;
			children = (
				165981CF253B8ECF00D22029 /* Base */,
			);
			name = LaunchScreen.storyboard;
			sourceTree = "<group>";
		};
/* End PBXVariantGroup section */

/* Begin XCBuildConfiguration section */
		165981D2253B8ECF00D22029 /* Debug */ = {
			isa = XCBuildConfiguration;
			buildSettings = {
				ALWAYS_SEARCH_USER_PATHS = NO;
				CLANG_ANALYZER_NONNULL = YES;
				CLANG_ANALYZER_NUMBER_OBJECT_CONVERSION = YES_AGGRESSIVE;
				CLANG_CXX_LANGUAGE_STANDARD = "gnu++14";
				CLANG_CXX_LIBRARY = "libc++";
				CLANG_ENABLE_MODULES = YES;
				CLANG_ENABLE_OBJC_ARC = YES;
				CLANG_ENABLE_OBJC_WEAK = YES;
				CLANG_WARN_BLOCK_CAPTURE_AUTORELEASING = YES;
				CLANG_WARN_BOOL_CONVERSION = YES;
				CLANG_WARN_COMMA = YES;
				CLANG_WARN_CONSTANT_CONVERSION = YES;
				CLANG_WARN_DEPRECATED_OBJC_IMPLEMENTATIONS = YES;
				CLANG_WARN_DIRECT_OBJC_ISA_USAGE = YES_ERROR;
				CLANG_WARN_DOCUMENTATION_COMMENTS = YES;
				CLANG_WARN_EMPTY_BODY = YES;
				CLANG_WARN_ENUM_CONVERSION = YES;
				CLANG_WARN_INFINITE_RECURSION = YES;
				CLANG_WARN_INT_CONVERSION = YES;
				CLANG_WARN_NON_LITERAL_NULL_CONVERSION = YES;
				CLANG_WARN_OBJC_IMPLICIT_RETAIN_SELF = YES;
				CLANG_WARN_OBJC_LITERAL_CONVERSION = YES;
				CLANG_WARN_OBJC_ROOT_CLASS = YES_ERROR;
				CLANG_WARN_QUOTED_INCLUDE_IN_FRAMEWORK_HEADER = YES;
				CLANG_WARN_RANGE_LOOP_ANALYSIS = YES;
				CLANG_WARN_STRICT_PROTOTYPES = YES;
				CLANG_WARN_SUSPICIOUS_MOVE = YES;
				CLANG_WARN_UNGUARDED_AVAILABILITY = YES_AGGRESSIVE;
				CLANG_WARN_UNREACHABLE_CODE = YES;
				CLANG_WARN__DUPLICATE_METHOD_MATCH = YES;
				COPY_PHASE_STRIP = NO;
				DEBUG_INFORMATION_FORMAT = dwarf;
				ENABLE_STRICT_OBJC_MSGSEND = YES;
				ENABLE_TESTABILITY = YES;
				GCC_C_LANGUAGE_STANDARD = gnu11;
				GCC_DYNAMIC_NO_PIC = NO;
				GCC_NO_COMMON_BLOCKS = YES;
				GCC_OPTIMIZATION_LEVEL = 0;
				GCC_PREPROCESSOR_DEFINITIONS = (
					"DEBUG=1",
					"$(inherited)",
				);
				GCC_WARN_64_TO_32_BIT_CONVERSION = YES;
				GCC_WARN_ABOUT_RETURN_TYPE = YES_ERROR;
				GCC_WARN_UNDECLARED_SELECTOR = YES;
				GCC_WARN_UNINITIALIZED_AUTOS = YES_AGGRESSIVE;
				GCC_WARN_UNUSED_FUNCTION = YES;
				GCC_WARN_UNUSED_VARIABLE = YES;
				IPHONEOS_DEPLOYMENT_TARGET = 14.0;
				MTL_ENABLE_DEBUG_INFO = INCLUDE_SOURCE;
				MTL_FAST_MATH = YES;
				ONLY_ACTIVE_ARCH = YES;
				SDKROOT = iphoneos;
				SWIFT_ACTIVE_COMPILATION_CONDITIONS = DEBUG;
				SWIFT_OPTIMIZATION_LEVEL = "-Onone";
			};
			name = Debug;
		};
		165981D3253B8ECF00D22029 /* Release */ = {
			isa = XCBuildConfiguration;
			buildSettings = {
				ALWAYS_SEARCH_USER_PATHS = NO;
				CLANG_ANALYZER_NONNULL = YES;
				CLANG_ANALYZER_NUMBER_OBJECT_CONVERSION = YES_AGGRESSIVE;
				CLANG_CXX_LANGUAGE_STANDARD = "gnu++14";
				CLANG_CXX_LIBRARY = "libc++";
				CLANG_ENABLE_MODULES = YES;
				CLANG_ENABLE_OBJC_ARC = YES;
				CLANG_ENABLE_OBJC_WEAK = YES;
				CLANG_WARN_BLOCK_CAPTURE_AUTORELEASING = YES;
				CLANG_WARN_BOOL_CONVERSION = YES;
				CLANG_WARN_COMMA = YES;
				CLANG_WARN_CONSTANT_CONVERSION = YES;
				CLANG_WARN_DEPRECATED_OBJC_IMPLEMENTATIONS = YES;
				CLANG_WARN_DIRECT_OBJC_ISA_USAGE = YES_ERROR;
				CLANG_WARN_DOCUMENTATION_COMMENTS = YES;
				CLANG_WARN_EMPTY_BODY = YES;
				CLANG_WARN_ENUM_CONVERSION = YES;
				CLANG_WARN_INFINITE_RECURSION = YES;
				CLANG_WARN_INT_CONVERSION = YES;
				CLANG_WARN_NON_LITERAL_NULL_CONVERSION = YES;
				CLANG_WARN_OBJC_IMPLICIT_RETAIN_SELF = YES;
				CLANG_WARN_OBJC_LITERAL_CONVERSION = YES;
				CLANG_WARN_OBJC_ROOT_CLASS = YES_ERROR;
				CLANG_WARN_QUOTED_INCLUDE_IN_FRAMEWORK_HEADER = YES;
				CLANG_WARN_RANGE_LOOP_ANALYSIS = YES;
				CLANG_WARN_STRICT_PROTOTYPES = YES;
				CLANG_WARN_SUSPICIOUS_MOVE = YES;
				CLANG_WARN_UNGUARDED_AVAILABILITY = YES_AGGRESSIVE;
				CLANG_WARN_UNREACHABLE_CODE = YES;
				CLANG_WARN__DUPLICATE_METHOD_MATCH = YES;
				COPY_PHASE_STRIP = NO;
				DEBUG_INFORMATION_FORMAT = "dwarf-with-dsym";
				ENABLE_NS_ASSERTIONS = NO;
				ENABLE_STRICT_OBJC_MSGSEND = YES;
				GCC_C_LANGUAGE_STANDARD = gnu11;
				GCC_NO_COMMON_BLOCKS = YES;
				GCC_WARN_64_TO_32_BIT_CONVERSION = YES;
				GCC_WARN_ABOUT_RETURN_TYPE = YES_ERROR;
				GCC_WARN_UNDECLARED_SELECTOR = YES;
				GCC_WARN_UNINITIALIZED_AUTOS = YES_AGGRESSIVE;
				GCC_WARN_UNUSED_FUNCTION = YES;
				GCC_WARN_UNUSED_VARIABLE = YES;
				IPHONEOS_DEPLOYMENT_TARGET = 14.0;
				MTL_ENABLE_DEBUG_INFO = NO;
				MTL_FAST_MATH = YES;
				SDKROOT = iphoneos;
				SWIFT_COMPILATION_MODE = wholemodule;
				SWIFT_OPTIMIZATION_LEVEL = "-O";
				VALIDATE_PRODUCT = YES;
			};
			name = Release;
		};
		165981D5253B8ECF00D22029 /* Debug */ = {
			isa = XCBuildConfiguration;
			buildSettings = {
				ASSETCATALOG_COMPILER_APPICON_NAME = AppIcon;
				ASSETCATALOG_COMPILER_GLOBAL_ACCENT_COLOR_NAME = AccentColor;
				CODE_SIGN_STYLE = Automatic;
				DEVELOPMENT_TEAM = Z8LKPFG943;
				INFOPLIST_FILE = QuizBrainIOS/Info.plist;
				LD_RUNPATH_SEARCH_PATHS = (
					"$(inherited)",
					"@executable_path/Frameworks",
				);
				PRODUCT_BUNDLE_IDENTIFIER = com.yasinakca.QuizBrainIOS;
				PRODUCT_NAME = "$(TARGET_NAME)";
				SWIFT_VERSION = 5.0;
				TARGETED_DEVICE_FAMILY = "1,2";
			};
			name = Debug;
		};
		165981D6253B8ECF00D22029 /* Release */ = {
			isa = XCBuildConfiguration;
			buildSettings = {
				ASSETCATALOG_COMPILER_APPICON_NAME = AppIcon;
				ASSETCATALOG_COMPILER_GLOBAL_ACCENT_COLOR_NAME = AccentColor;
				CODE_SIGN_STYLE = Automatic;
				DEVELOPMENT_TEAM = Z8LKPFG943;
				INFOPLIST_FILE = QuizBrainIOS/Info.plist;
				LD_RUNPATH_SEARCH_PATHS = (
					"$(inherited)",
					"@executable_path/Frameworks",
				);
				PRODUCT_BUNDLE_IDENTIFIER = com.yasinakca.QuizBrainIOS;
				PRODUCT_NAME = "$(TARGET_NAME)";
				SWIFT_VERSION = 5.0;
				TARGETED_DEVICE_FAMILY = "1,2";
			};
			name = Release;
		};
/* End XCBuildConfiguration section */

/* Begin XCConfigurationList section */
		165981BB253B8ECE00D22029 /* Build configuration list for PBXProject "QuizBrainIOS" */ = {
			isa = XCConfigurationList;
			buildConfigurations = (
				165981D2253B8ECF00D22029 /* Debug */,
				165981D3253B8ECF00D22029 /* Release */,
			);
			defaultConfigurationIsVisible = 0;
			defaultConfigurationName = Release;
		};
		165981D4253B8ECF00D22029 /* Build configuration list for PBXNativeTarget "QuizBrainIOS" */ = {
			isa = XCConfigurationList;
			buildConfigurations = (
				165981D5253B8ECF00D22029 /* Debug */,
				165981D6253B8ECF00D22029 /* Release */,
			);
			defaultConfigurationIsVisible = 0;
			defaultConfigurationName = Release;
		};
/* End XCConfigurationList section */
	};
	rootObject = 165981B8253B8ECE00D22029 /* Project object */;
}
